
Microsoft Visual Studio Solution File, Format Version 12.00
# Visual Studio Version 17
VisualStudioVersion = 17.5.33516.290
MinimumVisualStudioVersion = 10.0.40219.1
Project("{FAE04EC0-301F-11D3-BF4B-00C04F79EFBC}") = "day 1 (6)", "day 1 (6)\day 1 (6).csproj", "{31E12A01-B4A0-4C0A-9CDD-AF6E39E3E049}"
EndProject
Global
	GlobalSection(SolutionConfigurationPlatforms) = preSolution
		Debug|Any CPU = Debug|Any CPU
		Release|Any CPU = Release|Any CPU
	EndGlobalSection
	GlobalSection(ProjectConfigurationPlatforms) = postSolution
		{31E12A01-B4A0-4C0A-9CDD-AF6E39E3E049}.Debug|Any CPU.ActiveCfg = Debug|Any CPU
		{31E12A01-B4A0-4C0A-9CDD-AF6E39E3E049}.Debug|Any CPU.Build.0 = Debug|Any CPU
		{31E12A01-B4A0-4C0A-9CDD-AF6E39E3E049}.Release|Any CPU.ActiveCfg = Release|Any CPU
		{31E12A01-B4A0-4C0A-9CDD-AF6E39E3E049}.Release|Any CPU.Build.0 = Release|Any CPU
	EndGlobalSection
	GlobalSection(SolutionProperties) = preSolution
		HideSolutionNode = FALSE
	EndGlobalSection
	GlobalSection(ExtensibilityGlobals) = postSolution
		SolutionGuid = {AE33C3EF-B98B-4137-9AC8-BBDC93FC0310}
	EndGlobalSection
EndGlobal
